
Microsoft Visual Studio Solution File, Format Version 12.00
# Visual Studio Version 17
VisualStudioVersion = 17.1.32328.378
MinimumVisualStudioVersion = 10.0.40219.1
Project("{9A19103F-16F7-4668-BE54-9A1E7A4F7556}") = "ChatBot.Infraestructure", "ChatBot.Infraestructure\ChatBot.Infraestructure.csproj", "{17733AC1-29F1-43A1-AFDC-056034B2F9F3}"
EndProject
Project("{9A19103F-16F7-4668-BE54-9A1E7A4F7556}") = "ChatBot.Business", "ChatBot.Business\ChatBot.Business.csproj", "{2C70B65D-CCE1-4EB1-AE6D-916BEB094E98}"
EndProject
Project("{9A19103F-16F7-4668-BE54-9A1E7A4F7556}") = "ChatBot.Web", "ChatBot.Web\ChatBot.Web.csproj", "{44B04F76-DA85-4DC1-A82C-5F4034A68B27}"
EndProject
Project("{2150E333-8FDC-42A3-9474-1A3956D46DE8}") = "01", "01", "{4E0BE5A0-BE55-47C7-9493-799451DE62C8}"
EndProject
Project("{FAE04EC0-301F-11D3-BF4B-00C04F79EFBC}") = "ChatBot.Tests", "ChatBot.Tests\ChatBot.Tests.csproj", "{18322D6A-2901-4733-8479-2C2097ABFDE3}"
EndProject
Global
	GlobalSection(SolutionConfigurationPlatforms) = preSolution
		Debug|Any CPU = Debug|Any CPU
		Release|Any CPU = Release|Any CPU
	EndGlobalSection
	GlobalSection(ProjectConfigurationPlatforms) = postSolution
		{17733AC1-29F1-43A1-AFDC-056034B2F9F3}.Debug|Any CPU.ActiveCfg = Debug|Any CPU
		{17733AC1-29F1-43A1-AFDC-056034B2F9F3}.Debug|Any CPU.Build.0 = Debug|Any CPU
		{17733AC1-29F1-43A1-AFDC-056034B2F9F3}.Release|Any CPU.ActiveCfg = Release|Any CPU
		{17733AC1-29F1-43A1-AFDC-056034B2F9F3}.Release|Any CPU.Build.0 = Release|Any CPU
		{2C70B65D-CCE1-4EB1-AE6D-916BEB094E98}.Debug|Any CPU.ActiveCfg = Debug|Any CPU
		{2C70B65D-CCE1-4EB1-AE6D-916BEB094E98}.Debug|Any CPU.Build.0 = Debug|Any CPU
		{2C70B65D-CCE1-4EB1-AE6D-916BEB094E98}.Release|Any CPU.ActiveCfg = Release|Any CPU
		{2C70B65D-CCE1-4EB1-AE6D-916BEB094E98}.Release|Any CPU.Build.0 = Release|Any CPU
		{44B04F76-DA85-4DC1-A82C-5F4034A68B27}.Debug|Any CPU.ActiveCfg = Debug|Any CPU
		{44B04F76-DA85-4DC1-A82C-5F4034A68B27}.Debug|Any CPU.Build.0 = Debug|Any CPU
		{44B04F76-DA85-4DC1-A82C-5F4034A68B27}.Release|Any CPU.ActiveCfg = Release|Any CPU
		{44B04F76-DA85-4DC1-A82C-5F4034A68B27}.Release|Any CPU.Build.0 = Release|Any CPU
		{18322D6A-2901-4733-8479-2C2097ABFDE3}.Debug|Any CPU.ActiveCfg = Debug|Any CPU
		{18322D6A-2901-4733-8479-2C2097ABFDE3}.Debug|Any CPU.Build.0 = Debug|Any CPU
		{18322D6A-2901-4733-8479-2C2097ABFDE3}.Release|Any CPU.ActiveCfg = Release|Any CPU
		{18322D6A-2901-4733-8479-2C2097ABFDE3}.Release|Any CPU.Build.0 = Release|Any CPU
	EndGlobalSection
	GlobalSection(SolutionProperties) = preSolution
		HideSolutionNode = FALSE
	EndGlobalSection
	GlobalSection(NestedProjects) = preSolution
		{44B04F76-DA85-4DC1-A82C-5F4034A68B27} = {4E0BE5A0-BE55-47C7-9493-799451DE62C8}
	EndGlobalSection
	GlobalSection(ExtensibilityGlobals) = postSolution
		SolutionGuid = {112C144A-ACDF-4D05-9D4E-9E25D083731F}
	EndGlobalSection
EndGlobal
